
Microsoft Visual Studio Solution File, Format Version 12.00
# Visual Studio Version 16
VisualStudioVersion = 16.0.30011.22
MinimumVisualStudioVersion = 10.0.40219.1
Project("{FAE04EC0-301F-11D3-BF4B-00C04F79EFBC}") = "Funkcije", "Funkcije\Funkcije.csproj", "{14555626-E3C1-450D-B6E9-6EC7DEC5D51C}"
EndProject
Global
	GlobalSection(SolutionConfigurationPlatforms) = preSolution
		Debug|Any CPU = Debug|Any CPU
		Release|Any CPU = Release|Any CPU
	EndGlobalSection
	GlobalSection(ProjectConfigurationPlatforms) = postSolution
		{14555626-E3C1-450D-B6E9-6EC7DEC5D51C}.Debug|Any CPU.ActiveCfg = Debug|Any CPU
		{14555626-E3C1-450D-B6E9-6EC7DEC5D51C}.Debug|Any CPU.Build.0 = Debug|Any CPU
		{14555626-E3C1-450D-B6E9-6EC7DEC5D51C}.Release|Any CPU.ActiveCfg = Release|Any CPU
		{14555626-E3C1-450D-B6E9-6EC7DEC5D51C}.Release|Any CPU.Build.0 = Release|Any CPU
	EndGlobalSection
	GlobalSection(SolutionProperties) = preSolution
		HideSolutionNode = FALSE
	EndGlobalSection
	GlobalSection(ExtensibilityGlobals) = postSolution
		SolutionGuid = {5053B9DC-82C5-431C-9D86-0BDA91FAAF46}
	EndGlobalSection
EndGlobal
