
Microsoft Visual Studio Solution File, Format Version 12.00
# Visual Studio Version 16
VisualStudioVersion = 16.0.30011.22
MinimumVisualStudioVersion = 10.0.40219.1
Project("{FAE04EC0-301F-11D3-BF4B-00C04F79EFBC}") = "Liste", "Liste\Liste.csproj", "{370D350F-2CC9-40B9-A081-9E2123AB8B0E}"
EndProject
Global
	GlobalSection(SolutionConfigurationPlatforms) = preSolution
		Debug|Any CPU = Debug|Any CPU
		Release|Any CPU = Release|Any CPU
	EndGlobalSection
	GlobalSection(ProjectConfigurationPlatforms) = postSolution
		{370D350F-2CC9-40B9-A081-9E2123AB8B0E}.Debug|Any CPU.ActiveCfg = Debug|Any CPU
		{370D350F-2CC9-40B9-A081-9E2123AB8B0E}.Debug|Any CPU.Build.0 = Debug|Any CPU
		{370D350F-2CC9-40B9-A081-9E2123AB8B0E}.Release|Any CPU.ActiveCfg = Release|Any CPU
		{370D350F-2CC9-40B9-A081-9E2123AB8B0E}.Release|Any CPU.Build.0 = Release|Any CPU
	EndGlobalSection
	GlobalSection(SolutionProperties) = preSolution
		HideSolutionNode = FALSE
	EndGlobalSection
	GlobalSection(ExtensibilityGlobals) = postSolution
		SolutionGuid = {7DA0AFA8-758B-498A-A813-64AE404DD18D}
	EndGlobalSection
EndGlobal
